<Solution>
  <Folder Name="/src/">
    <Project Path="src/Armageddon.Abstractions/Armageddon.Abstractions.csproj" />
    <Project Path="src/Armageddon.Api/Armageddon.Api.csproj" />
    <Project Path="src/Armageddon.Web/Armageddon.Web.csproj" />
  </Folder>
  <Folder Name="/tests/">
    <Project Path="tests/Armageddon.Tests/Armageddon.Tests.csproj" />
  </Folder>
</Solution>
